
Microsoft Visual Studio Solution File, Format Version 12.00
# Visual Studio Version 16
VisualStudioVersion = 16.0.29102.190
MinimumVisualStudioVersion = 10.0.40219.1
Project("{9A19103F-16F7-4668-BE54-9A1E7A4F7556}") = "API", "API\API.csproj", "{9E3D6F6F-29C8-4BEB-B6D1-FDA3C36F7B81}"
EndProject
Project("{9A19103F-16F7-4668-BE54-9A1E7A4F7556}") = "Entities", "Entities\Entities.csproj", "{E0402F9A-D120-4D8C-BD94-08264D52520C}"
EndProject
Project("{9A19103F-16F7-4668-BE54-9A1E7A4F7556}") = "Core", "Core\Core.csproj", "{4AFE7C06-2BFB-4F25-A196-ED77238EF260}"
EndProject
Project("{FAE04EC0-301F-11D3-BF4B-00C04F79EFBC}") = "Forms.UWP", "Forms\Forms.UWP\Forms.UWP.csproj", "{1124B852-1233-4AB0-97FF-F83A797C0A02}"
EndProject
Project("{FAE04EC0-301F-11D3-BF4B-00C04F79EFBC}") = "Forms.Android", "Forms\Forms.Android\Forms.Android.csproj", "{D4C13C6A-7309-44A1-9E5E-11391458FDC9}"
EndProject
Project("{FAE04EC0-301F-11D3-BF4B-00C04F79EFBC}") = "Forms.iOS", "Forms\Forms.iOS\Forms.iOS.csproj", "{1FD12E29-F7E9-44ED-9BC0-99AE45302322}"
EndProject
Project("{9A19103F-16F7-4668-BE54-9A1E7A4F7556}") = "Forms", "Forms\Forms\Forms.csproj", "{8CE51D7F-84B7-475E-B7D6-AC7F355A1BE7}"
EndProject
Project("{2150E333-8FDC-42A3-9474-1A3956D46DE8}") = "Solution Files", "Solution Files", "{11769BAB-605D-4C4F-8B0E-4F5A45941D5B}"
	ProjectSection(SolutionItems) = preProject
		res\stylecop.json = res\stylecop.json
		res\stylecop.ruleset = res\stylecop.ruleset
	EndProjectSection
EndProject
Project("{2150E333-8FDC-42A3-9474-1A3956D46DE8}") = "API", "API", "{A0606881-5528-40BE-9A89-4B72D2A993F0}"
EndProject
Project("{2150E333-8FDC-42A3-9474-1A3956D46DE8}") = "Mobile.Forms", "Mobile.Forms", "{C0F3B590-7D0E-408B-BDEE-4981F8C5CA1D}"
EndProject
Project("{2150E333-8FDC-42A3-9474-1A3956D46DE8}") = "Common", "Common", "{5DC81E50-7829-4CF7-B72A-B412D6E9D1A5}"
EndProject
Project("{2150E333-8FDC-42A3-9474-1A3956D46DE8}") = "LocalDatabase", "LocalDatabase", "{2EBFDA04-DB4F-4F9B-A901-959F5D34082D}"
EndProject
Project("{2150E333-8FDC-42A3-9474-1A3956D46DE8}") = "Realm", "Realm", "{2E4237C1-EE55-4CFD-9B5B-1A8DC487E683}"
EndProject
Project("{FAE04EC0-301F-11D3-BF4B-00C04F79EFBC}") = "RealmDb", "RealmDb\RealmDb.csproj", "{8B265B24-579C-42D1-8B2D-C19E988A6379}"
EndProject
Global
	GlobalSection(SolutionConfigurationPlatforms) = preSolution
		Debug|Any CPU = Debug|Any CPU
		Debug|ARM = Debug|ARM
		Debug|iPhone = Debug|iPhone
		Debug|iPhoneSimulator = Debug|iPhoneSimulator
		Debug|x64 = Debug|x64
		Debug|x86 = Debug|x86
		Release|Any CPU = Release|Any CPU
		Release|ARM = Release|ARM
		Release|iPhone = Release|iPhone
		Release|iPhoneSimulator = Release|iPhoneSimulator
		Release|x64 = Release|x64
		Release|x86 = Release|x86
	EndGlobalSection
	GlobalSection(ProjectConfigurationPlatforms) = postSolution
		{9E3D6F6F-29C8-4BEB-B6D1-FDA3C36F7B81}.Debug|Any CPU.ActiveCfg = Debug|Any CPU
		{9E3D6F6F-29C8-4BEB-B6D1-FDA3C36F7B81}.Debug|Any CPU.Build.0 = Debug|Any CPU
		{9E3D6F6F-29C8-4BEB-B6D1-FDA3C36F7B81}.Debug|ARM.ActiveCfg = Debug|Any CPU
		{9E3D6F6F-29C8-4BEB-B6D1-FDA3C36F7B81}.Debug|ARM.Build.0 = Debug|Any CPU
		{9E3D6F6F-29C8-4BEB-B6D1-FDA3C36F7B81}.Debug|iPhone.ActiveCfg = Debug|Any CPU
		{9E3D6F6F-29C8-4BEB-B6D1-FDA3C36F7B81}.Debug|iPhone.Build.0 = Debug|Any CPU
		{9E3D6F6F-29C8-4BEB-B6D1-FDA3C36F7B81}.Debug|iPhoneSimulator.ActiveCfg = Debug|Any CPU
		{9E3D6F6F-29C8-4BEB-B6D1-FDA3C36F7B81}.Debug|iPhoneSimulator.Build.0 = Debug|Any CPU
		{9E3D6F6F-29C8-4BEB-B6D1-FDA3C36F7B81}.Debug|x64.ActiveCfg = Debug|Any CPU
		{9E3D6F6F-29C8-4BEB-B6D1-FDA3C36F7B81}.Debug|x64.Build.0 = Debug|Any CPU
		{9E3D6F6F-29C8-4BEB-B6D1-FDA3C36F7B81}.Debug|x86.ActiveCfg = Debug|Any CPU
		{9E3D6F6F-29C8-4BEB-B6D1-FDA3C36F7B81}.Debug|x86.Build.0 = Debug|Any CPU
		{9E3D6F6F-29C8-4BEB-B6D1-FDA3C36F7B81}.Release|Any CPU.ActiveCfg = Release|Any CPU
		{9E3D6F6F-29C8-4BEB-B6D1-FDA3C36F7B81}.Release|Any CPU.Build.0 = Release|Any CPU
		{9E3D6F6F-29C8-4BEB-B6D1-FDA3C36F7B81}.Release|ARM.ActiveCfg = Release|Any CPU
		{9E3D6F6F-29C8-4BEB-B6D1-FDA3C36F7B81}.Release|ARM.Build.0 = Release|Any CPU
		{9E3D6F6F-29C8-4BEB-B6D1-FDA3C36F7B81}.Release|iPhone.ActiveCfg = Release|Any CPU
		{9E3D6F6F-29C8-4BEB-B6D1-FDA3C36F7B81}.Release|iPhone.Build.0 = Release|Any CPU
		{9E3D6F6F-29C8-4BEB-B6D1-FDA3C36F7B81}.Release|iPhoneSimulator.ActiveCfg = Release|Any CPU
		{9E3D6F6F-29C8-4BEB-B6D1-FDA3C36F7B81}.Release|iPhoneSimulator.Build.0 = Release|Any CPU
		{9E3D6F6F-29C8-4BEB-B6D1-FDA3C36F7B81}.Release|x64.ActiveCfg = Release|Any CPU
		{9E3D6F6F-29C8-4BEB-B6D1-FDA3C36F7B81}.Release|x64.Build.0 = Release|Any CPU
		{9E3D6F6F-29C8-4BEB-B6D1-FDA3C36F7B81}.Release|x86.ActiveCfg = Release|Any CPU
		{9E3D6F6F-29C8-4BEB-B6D1-FDA3C36F7B81}.Release|x86.Build.0 = Release|Any CPU
		{E0402F9A-D120-4D8C-BD94-08264D52520C}.Debug|Any CPU.ActiveCfg = Debug|Any CPU
		{E0402F9A-D120-4D8C-BD94-08264D52520C}.Debug|Any CPU.Build.0 = Debug|Any CPU
		{E0402F9A-D120-4D8C-BD94-08264D52520C}.Debug|ARM.ActiveCfg = Debug|Any CPU
		{E0402F9A-D120-4D8C-BD94-08264D52520C}.Debug|ARM.Build.0 = Debug|Any CPU
		{E0402F9A-D120-4D8C-BD94-08264D52520C}.Debug|iPhone.ActiveCfg = Debug|Any CPU
		{E0402F9A-D120-4D8C-BD94-08264D52520C}.Debug|iPhone.Build.0 = Debug|Any CPU
		{E0402F9A-D120-4D8C-BD94-08264D52520C}.Debug|iPhoneSimulator.ActiveCfg = Debug|Any CPU
		{E0402F9A-D120-4D8C-BD94-08264D52520C}.Debug|iPhoneSimulator.Build.0 = Debug|Any CPU
		{E0402F9A-D120-4D8C-BD94-08264D52520C}.Debug|x64.ActiveCfg = Debug|Any CPU
		{E0402F9A-D120-4D8C-BD94-08264D52520C}.Debug|x64.Build.0 = Debug|Any CPU
		{E0402F9A-D120-4D8C-BD94-08264D52520C}.Debug|x86.ActiveCfg = Debug|Any CPU
		{E0402F9A-D120-4D8C-BD94-08264D52520C}.Debug|x86.Build.0 = Debug|Any CPU
		{E0402F9A-D120-4D8C-BD94-08264D52520C}.Release|Any CPU.ActiveCfg = Release|Any CPU
		{E0402F9A-D120-4D8C-BD94-08264D52520C}.Release|Any CPU.Build.0 = Release|Any CPU
		{E0402F9A-D120-4D8C-BD94-08264D52520C}.Release|ARM.ActiveCfg = Release|Any CPU
		{E0402F9A-D120-4D8C-BD94-08264D52520C}.Release|ARM.Build.0 = Release|Any CPU
		{E0402F9A-D120-4D8C-BD94-08264D52520C}.Release|iPhone.ActiveCfg = Release|Any CPU
		{E0402F9A-D120-4D8C-BD94-08264D52520C}.Release|iPhone.Build.0 = Release|Any CPU
		{E0402F9A-D120-4D8C-BD94-08264D52520C}.Release|iPhoneSimulator.ActiveCfg = Release|Any CPU
		{E0402F9A-D120-4D8C-BD94-08264D52520C}.Release|iPhoneSimulator.Build.0 = Release|Any CPU
		{E0402F9A-D120-4D8C-BD94-08264D52520C}.Release|x64.ActiveCfg = Release|Any CPU
		{E0402F9A-D120-4D8C-BD94-08264D52520C}.Release|x64.Build.0 = Release|Any CPU
		{E0402F9A-D120-4D8C-BD94-08264D52520C}.Release|x86.ActiveCfg = Release|Any CPU
		{E0402F9A-D120-4D8C-BD94-08264D52520C}.Release|x86.Build.0 = Release|Any CPU
		{4AFE7C06-2BFB-4F25-A196-ED77238EF260}.Debug|Any CPU.ActiveCfg = Debug|Any CPU
		{4AFE7C06-2BFB-4F25-A196-ED77238EF260}.Debug|Any CPU.Build.0 = Debug|Any CPU
		{4AFE7C06-2BFB-4F25-A196-ED77238EF260}.Debug|ARM.ActiveCfg = Debug|Any CPU
		{4AFE7C06-2BFB-4F25-A196-ED77238EF260}.Debug|ARM.Build.0 = Debug|Any CPU
		{4AFE7C06-2BFB-4F25-A196-ED77238EF260}.Debug|iPhone.ActiveCfg = Debug|Any CPU
		{4AFE7C06-2BFB-4F25-A196-ED77238EF260}.Debug|iPhone.Build.0 = Debug|Any CPU
		{4AFE7C06-2BFB-4F25-A196-ED77238EF260}.Debug|iPhoneSimulator.ActiveCfg = Debug|Any CPU
		{4AFE7C06-2BFB-4F25-A196-ED77238EF260}.Debug|iPhoneSimulator.Build.0 = Debug|Any CPU
		{4AFE7C06-2BFB-4F25-A196-ED77238EF260}.Debug|x64.ActiveCfg = Debug|Any CPU
		{4AFE7C06-2BFB-4F25-A196-ED77238EF260}.Debug|x64.Build.0 = Debug|Any CPU
		{4AFE7C06-2BFB-4F25-A196-ED77238EF260}.Debug|x86.ActiveCfg = Debug|Any CPU
		{4AFE7C06-2BFB-4F25-A196-ED77238EF260}.Debug|x86.Build.0 = Debug|Any CPU
		{4AFE7C06-2BFB-4F25-A196-ED77238EF260}.Release|Any CPU.ActiveCfg = Release|Any CPU
		{4AFE7C06-2BFB-4F25-A196-ED77238EF260}.Release|Any CPU.Build.0 = Release|Any CPU
		{4AFE7C06-2BFB-4F25-A196-ED77238EF260}.Release|ARM.ActiveCfg = Release|Any CPU
		{4AFE7C06-2BFB-4F25-A196-ED77238EF260}.Release|ARM.Build.0 = Release|Any CPU
		{4AFE7C06-2BFB-4F25-A196-ED77238EF260}.Release|iPhone.ActiveCfg = Release|Any CPU
		{4AFE7C06-2BFB-4F25-A196-ED77238EF260}.Release|iPhone.Build.0 = Release|Any CPU
		{4AFE7C06-2BFB-4F25-A196-ED77238EF260}.Release|iPhoneSimulator.ActiveCfg = Release|Any CPU
		{4AFE7C06-2BFB-4F25-A196-ED77238EF260}.Release|iPhoneSimulator.Build.0 = Release|Any CPU
		{4AFE7C06-2BFB-4F25-A196-ED77238EF260}.Release|x64.ActiveCfg = Release|Any CPU
		{4AFE7C06-2BFB-4F25-A196-ED77238EF260}.Release|x64.Build.0 = Release|Any CPU
		{4AFE7C06-2BFB-4F25-A196-ED77238EF260}.Release|x86.ActiveCfg = Release|Any CPU
		{4AFE7C06-2BFB-4F25-A196-ED77238EF260}.Release|x86.Build.0 = Release|Any CPU
		{1124B852-1233-4AB0-97FF-F83A797C0A02}.Debug|Any CPU.ActiveCfg = Debug|x86
		{1124B852-1233-4AB0-97FF-F83A797C0A02}.Debug|ARM.ActiveCfg = Debug|ARM
		{1124B852-1233-4AB0-97FF-F83A797C0A02}.Debug|ARM.Build.0 = Debug|ARM
		{1124B852-1233-4AB0-97FF-F83A797C0A02}.Debug|ARM.Deploy.0 = Debug|ARM
		{1124B852-1233-4AB0-97FF-F83A797C0A02}.Debug|iPhone.ActiveCfg = Debug|x86
		{1124B852-1233-4AB0-97FF-F83A797C0A02}.Debug|iPhoneSimulator.ActiveCfg = Debug|x86
		{1124B852-1233-4AB0-97FF-F83A797C0A02}.Debug|x64.ActiveCfg = Debug|x64
		{1124B852-1233-4AB0-97FF-F83A797C0A02}.Debug|x64.Build.0 = Debug|x64
		{1124B852-1233-4AB0-97FF-F83A797C0A02}.Debug|x64.Deploy.0 = Debug|x64
		{1124B852-1233-4AB0-97FF-F83A797C0A02}.Debug|x86.ActiveCfg = Debug|x86
		{1124B852-1233-4AB0-97FF-F83A797C0A02}.Debug|x86.Build.0 = Debug|x86
		{1124B852-1233-4AB0-97FF-F83A797C0A02}.Debug|x86.Deploy.0 = Debug|x86
		{1124B852-1233-4AB0-97FF-F83A797C0A02}.Release|Any CPU.ActiveCfg = Release|x86
		{1124B852-1233-4AB0-97FF-F83A797C0A02}.Release|ARM.ActiveCfg = Release|ARM
		{1124B852-1233-4AB0-97FF-F83A797C0A02}.Release|ARM.Build.0 = Release|ARM
		{1124B852-1233-4AB0-97FF-F83A797C0A02}.Release|ARM.Deploy.0 = Release|ARM
		{1124B852-1233-4AB0-97FF-F83A797C0A02}.Release|iPhone.ActiveCfg = Release|x86
		{1124B852-1233-4AB0-97FF-F83A797C0A02}.Release|iPhoneSimulator.ActiveCfg = Release|x86
		{1124B852-1233-4AB0-97FF-F83A797C0A02}.Release|x64.ActiveCfg = Release|x64
		{1124B852-1233-4AB0-97FF-F83A797C0A02}.Release|x64.Build.0 = Release|x64
		{1124B852-1233-4AB0-97FF-F83A797C0A02}.Release|x64.Deploy.0 = Release|x64
		{1124B852-1233-4AB0-97FF-F83A797C0A02}.Release|x86.ActiveCfg = Release|x86
		{1124B852-1233-4AB0-97FF-F83A797C0A02}.Release|x86.Build.0 = Release|x86
		{1124B852-1233-4AB0-97FF-F83A797C0A02}.Release|x86.Deploy.0 = Release|x86
		{D4C13C6A-7309-44A1-9E5E-11391458FDC9}.Debug|Any CPU.ActiveCfg = Debug|Any CPU
		{D4C13C6A-7309-44A1-9E5E-11391458FDC9}.Debug|Any CPU.Build.0 = Debug|Any CPU
		{D4C13C6A-7309-44A1-9E5E-11391458FDC9}.Debug|Any CPU.Deploy.0 = Debug|Any CPU
		{D4C13C6A-7309-44A1-9E5E-11391458FDC9}.Debug|ARM.ActiveCfg = Debug|Any CPU
		{D4C13C6A-7309-44A1-9E5E-11391458FDC9}.Debug|ARM.Build.0 = Debug|Any CPU
		{D4C13C6A-7309-44A1-9E5E-11391458FDC9}.Debug|ARM.Deploy.0 = Debug|Any CPU
		{D4C13C6A-7309-44A1-9E5E-11391458FDC9}.Debug|iPhone.ActiveCfg = Debug|Any CPU
		{D4C13C6A-7309-44A1-9E5E-11391458FDC9}.Debug|iPhone.Build.0 = Debug|Any CPU
		{D4C13C6A-7309-44A1-9E5E-11391458FDC9}.Debug|iPhone.Deploy.0 = Debug|Any CPU
		{D4C13C6A-7309-44A1-9E5E-11391458FDC9}.Debug|iPhoneSimulator.ActiveCfg = Debug|Any CPU
		{D4C13C6A-7309-44A1-9E5E-11391458FDC9}.Debug|iPhoneSimulator.Build.0 = Debug|Any CPU
		{D4C13C6A-7309-44A1-9E5E-11391458FDC9}.Debug|iPhoneSimulator.Deploy.0 = Debug|Any CPU
		{D4C13C6A-7309-44A1-9E5E-11391458FDC9}.Debug|x64.ActiveCfg = Debug|Any CPU
		{D4C13C6A-7309-44A1-9E5E-11391458FDC9}.Debug|x64.Build.0 = Debug|Any CPU
		{D4C13C6A-7309-44A1-9E5E-11391458FDC9}.Debug|x64.Deploy.0 = Debug|Any CPU
		{D4C13C6A-7309-44A1-9E5E-11391458FDC9}.Debug|x86.ActiveCfg = Debug|Any CPU
		{D4C13C6A-7309-44A1-9E5E-11391458FDC9}.Debug|x86.Build.0 = Debug|Any CPU
		{D4C13C6A-7309-44A1-9E5E-11391458FDC9}.Debug|x86.Deploy.0 = Debug|Any CPU
		{D4C13C6A-7309-44A1-9E5E-11391458FDC9}.Release|Any CPU.ActiveCfg = Release|Any CPU
		{D4C13C6A-7309-44A1-9E5E-11391458FDC9}.Release|Any CPU.Build.0 = Release|Any CPU
		{D4C13C6A-7309-44A1-9E5E-11391458FDC9}.Release|Any CPU.Deploy.0 = Release|Any CPU
		{D4C13C6A-7309-44A1-9E5E-11391458FDC9}.Release|ARM.ActiveCfg = Release|Any CPU
		{D4C13C6A-7309-44A1-9E5E-11391458FDC9}.Release|ARM.Build.0 = Release|Any CPU
		{D4C13C6A-7309-44A1-9E5E-11391458FDC9}.Release|ARM.Deploy.0 = Release|Any CPU
		{D4C13C6A-7309-44A1-9E5E-11391458FDC9}.Release|iPhone.ActiveCfg = Release|Any CPU
		{D4C13C6A-7309-44A1-9E5E-11391458FDC9}.Release|iPhone.Build.0 = Release|Any CPU
		{D4C13C6A-7309-44A1-9E5E-11391458FDC9}.Release|iPhone.Deploy.0 = Release|Any CPU
		{D4C13C6A-7309-44A1-9E5E-11391458FDC9}.Release|iPhoneSimulator.ActiveCfg = Release|Any CPU
		{D4C13C6A-7309-44A1-9E5E-11391458FDC9}.Release|iPhoneSimulator.Build.0 = Release|Any CPU
		{D4C13C6A-7309-44A1-9E5E-11391458FDC9}.Release|iPhoneSimulator.Deploy.0 = Release|Any CPU
		{D4C13C6A-7309-44A1-9E5E-11391458FDC9}.Release|x64.ActiveCfg = Release|Any CPU
		{D4C13C6A-7309-44A1-9E5E-11391458FDC9}.Release|x64.Build.0 = Release|Any CPU
		{D4C13C6A-7309-44A1-9E5E-11391458FDC9}.Release|x64.Deploy.0 = Release|Any CPU
		{D4C13C6A-7309-44A1-9E5E-11391458FDC9}.Release|x86.ActiveCfg = Release|Any CPU
		{D4C13C6A-7309-44A1-9E5E-11391458FDC9}.Release|x86.Build.0 = Release|Any CPU
		{D4C13C6A-7309-44A1-9E5E-11391458FDC9}.Release|x86.Deploy.0 = Release|Any CPU
		{1FD12E29-F7E9-44ED-9BC0-99AE45302322}.Debug|Any CPU.ActiveCfg = Debug|iPhone
		{1FD12E29-F7E9-44ED-9BC0-99AE45302322}.Debug|ARM.ActiveCfg = Debug|iPhone
		{1FD12E29-F7E9-44ED-9BC0-99AE45302322}.Debug|iPhone.ActiveCfg = Debug|iPhone
		{1FD12E29-F7E9-44ED-9BC0-99AE45302322}.Debug|iPhone.Build.0 = Debug|iPhone
		{1FD12E29-F7E9-44ED-9BC0-99AE45302322}.Debug|iPhoneSimulator.ActiveCfg = Debug|iPhoneSimulator
		{1FD12E29-F7E9-44ED-9BC0-99AE45302322}.Debug|iPhoneSimulator.Build.0 = Debug|iPhoneSimulator
		{1FD12E29-F7E9-44ED-9BC0-99AE45302322}.Debug|x64.ActiveCfg = Debug|iPhone
		{1FD12E29-F7E9-44ED-9BC0-99AE45302322}.Debug|x86.ActiveCfg = Debug|iPhone
		{1FD12E29-F7E9-44ED-9BC0-99AE45302322}.Release|Any CPU.ActiveCfg = Release|iPhone
		{1FD12E29-F7E9-44ED-9BC0-99AE45302322}.Release|ARM.ActiveCfg = Release|iPhone
		{1FD12E29-F7E9-44ED-9BC0-99AE45302322}.Release|iPhone.ActiveCfg = Release|iPhone
		{1FD12E29-F7E9-44ED-9BC0-99AE45302322}.Release|iPhone.Build.0 = Release|iPhone
		{1FD12E29-F7E9-44ED-9BC0-99AE45302322}.Release|iPhoneSimulator.ActiveCfg = Release|iPhoneSimulator
		{1FD12E29-F7E9-44ED-9BC0-99AE45302322}.Release|iPhoneSimulator.Build.0 = Release|iPhoneSimulator
		{1FD12E29-F7E9-44ED-9BC0-99AE45302322}.Release|x64.ActiveCfg = Release|iPhone
		{1FD12E29-F7E9-44ED-9BC0-99AE45302322}.Release|x86.ActiveCfg = Release|iPhone
		{8CE51D7F-84B7-475E-B7D6-AC7F355A1BE7}.Debug|Any CPU.ActiveCfg = Debug|Any CPU
		{8CE51D7F-84B7-475E-B7D6-AC7F355A1BE7}.Debug|Any CPU.Build.0 = Debug|Any CPU
		{8CE51D7F-84B7-475E-B7D6-AC7F355A1BE7}.Debug|ARM.ActiveCfg = Debug|Any CPU
		{8CE51D7F-84B7-475E-B7D6-AC7F355A1BE7}.Debug|ARM.Build.0 = Debug|Any CPU
		{8CE51D7F-84B7-475E-B7D6-AC7F355A1BE7}.Debug|iPhone.ActiveCfg = Debug|Any CPU
		{8CE51D7F-84B7-475E-B7D6-AC7F355A1BE7}.Debug|iPhone.Build.0 = Debug|Any CPU
		{8CE51D7F-84B7-475E-B7D6-AC7F355A1BE7}.Debug|iPhoneSimulator.ActiveCfg = Debug|Any CPU
		{8CE51D7F-84B7-475E-B7D6-AC7F355A1BE7}.Debug|iPhoneSimulator.Build.0 = Debug|Any CPU
		{8CE51D7F-84B7-475E-B7D6-AC7F355A1BE7}.Debug|x64.ActiveCfg = Debug|Any CPU
		{8CE51D7F-84B7-475E-B7D6-AC7F355A1BE7}.Debug|x64.Build.0 = Debug|Any CPU
		{8CE51D7F-84B7-475E-B7D6-AC7F355A1BE7}.Debug|x86.ActiveCfg = Debug|Any CPU
		{8CE51D7F-84B7-475E-B7D6-AC7F355A1BE7}.Debug|x86.Build.0 = Debug|Any CPU
		{8CE51D7F-84B7-475E-B7D6-AC7F355A1BE7}.Release|Any CPU.ActiveCfg = Release|Any CPU
		{8CE51D7F-84B7-475E-B7D6-AC7F355A1BE7}.Release|Any CPU.Build.0 = Release|Any CPU
		{8CE51D7F-84B7-475E-B7D6-AC7F355A1BE7}.Release|ARM.ActiveCfg = Release|Any CPU
		{8CE51D7F-84B7-475E-B7D6-AC7F355A1BE7}.Release|ARM.Build.0 = Release|Any CPU
		{8CE51D7F-84B7-475E-B7D6-AC7F355A1BE7}.Release|iPhone.ActiveCfg = Release|Any CPU
		{8CE51D7F-84B7-475E-B7D6-AC7F355A1BE7}.Release|iPhone.Build.0 = Release|Any CPU
		{8CE51D7F-84B7-475E-B7D6-AC7F355A1BE7}.Release|iPhoneSimulator.ActiveCfg = Release|Any CPU
		{8CE51D7F-84B7-475E-B7D6-AC7F355A1BE7}.Release|iPhoneSimulator.Build.0 = Release|Any CPU
		{8CE51D7F-84B7-475E-B7D6-AC7F355A1BE7}.Release|x64.ActiveCfg = Release|Any CPU
		{8CE51D7F-84B7-475E-B7D6-AC7F355A1BE7}.Release|x64.Build.0 = Release|Any CPU
		{8CE51D7F-84B7-475E-B7D6-AC7F355A1BE7}.Release|x86.ActiveCfg = Release|Any CPU
		{8CE51D7F-84B7-475E-B7D6-AC7F355A1BE7}.Release|x86.Build.0 = Release|Any CPU
		{8B265B24-579C-42D1-8B2D-C19E988A6379}.Debug|Any CPU.ActiveCfg = Debug|Any CPU
		{8B265B24-579C-42D1-8B2D-C19E988A6379}.Debug|Any CPU.Build.0 = Debug|Any CPU
		{8B265B24-579C-42D1-8B2D-C19E988A6379}.Debug|ARM.ActiveCfg = Debug|Any CPU
		{8B265B24-579C-42D1-8B2D-C19E988A6379}.Debug|ARM.Build.0 = Debug|Any CPU
		{8B265B24-579C-42D1-8B2D-C19E988A6379}.Debug|iPhone.ActiveCfg = Debug|Any CPU
		{8B265B24-579C-42D1-8B2D-C19E988A6379}.Debug|iPhone.Build.0 = Debug|Any CPU
		{8B265B24-579C-42D1-8B2D-C19E988A6379}.Debug|iPhoneSimulator.ActiveCfg = Debug|Any CPU
		{8B265B24-579C-42D1-8B2D-C19E988A6379}.Debug|iPhoneSimulator.Build.0 = Debug|Any CPU
		{8B265B24-579C-42D1-8B2D-C19E988A6379}.Debug|x64.ActiveCfg = Debug|Any CPU
		{8B265B24-579C-42D1-8B2D-C19E988A6379}.Debug|x64.Build.0 = Debug|Any CPU
		{8B265B24-579C-42D1-8B2D-C19E988A6379}.Debug|x86.ActiveCfg = Debug|Any CPU
		{8B265B24-579C-42D1-8B2D-C19E988A6379}.Debug|x86.Build.0 = Debug|Any CPU
		{8B265B24-579C-42D1-8B2D-C19E988A6379}.Release|Any CPU.ActiveCfg = Release|Any CPU
		{8B265B24-579C-42D1-8B2D-C19E988A6379}.Release|Any CPU.Build.0 = Release|Any CPU
		{8B265B24-579C-42D1-8B2D-C19E988A6379}.Release|ARM.ActiveCfg = Release|Any CPU
		{8B265B24-579C-42D1-8B2D-C19E988A6379}.Release|ARM.Build.0 = Release|Any CPU
		{8B265B24-579C-42D1-8B2D-C19E988A6379}.Release|iPhone.ActiveCfg = Release|Any CPU
		{8B265B24-579C-42D1-8B2D-C19E988A6379}.Release|iPhone.Build.0 = Release|Any CPU
		{8B265B24-579C-42D1-8B2D-C19E988A6379}.Release|iPhoneSimulator.ActiveCfg = Release|Any CPU
		{8B265B24-579C-42D1-8B2D-C19E988A6379}.Release|iPhoneSimulator.Build.0 = Release|Any CPU
		{8B265B24-579C-42D1-8B2D-C19E988A6379}.Release|x64.ActiveCfg = Release|Any CPU
		{8B265B24-579C-42D1-8B2D-C19E988A6379}.Release|x64.Build.0 = Release|Any CPU
		{8B265B24-579C-42D1-8B2D-C19E988A6379}.Release|x86.ActiveCfg = Release|Any CPU
		{8B265B24-579C-42D1-8B2D-C19E988A6379}.Release|x86.Build.0 = Release|Any CPU
	EndGlobalSection
	GlobalSection(SolutionProperties) = preSolution
		HideSolutionNode = FALSE
	EndGlobalSection
	GlobalSection(NestedProjects) = preSolution
		{9E3D6F6F-29C8-4BEB-B6D1-FDA3C36F7B81} = {A0606881-5528-40BE-9A89-4B72D2A993F0}
		{E0402F9A-D120-4D8C-BD94-08264D52520C} = {A0606881-5528-40BE-9A89-4B72D2A993F0}
		{4AFE7C06-2BFB-4F25-A196-ED77238EF260} = {5DC81E50-7829-4CF7-B72A-B412D6E9D1A5}
		{1124B852-1233-4AB0-97FF-F83A797C0A02} = {C0F3B590-7D0E-408B-BDEE-4981F8C5CA1D}
		{D4C13C6A-7309-44A1-9E5E-11391458FDC9} = {C0F3B590-7D0E-408B-BDEE-4981F8C5CA1D}
		{1FD12E29-F7E9-44ED-9BC0-99AE45302322} = {C0F3B590-7D0E-408B-BDEE-4981F8C5CA1D}
		{8CE51D7F-84B7-475E-B7D6-AC7F355A1BE7} = {C0F3B590-7D0E-408B-BDEE-4981F8C5CA1D}
		{2E4237C1-EE55-4CFD-9B5B-1A8DC487E683} = {2EBFDA04-DB4F-4F9B-A901-959F5D34082D}
		{8B265B24-579C-42D1-8B2D-C19E988A6379} = {2E4237C1-EE55-4CFD-9B5B-1A8DC487E683}
	EndGlobalSection
	GlobalSection(ExtensibilityGlobals) = postSolution
		SolutionGuid = {93B72874-43E1-498A-8E7D-A0332AD43127}
	EndGlobalSection
EndGlobal
